
Microsoft Visual Studio Solution File, Format Version 12.00
# Visual Studio 14
VisualStudioVersion = 14.0.25420.1
MinimumVisualStudioVersion = 10.0.40219.1
Project("{FAE04EC0-301F-11D3-BF4B-00C04F79EFBC}") = "Se74.Net.Test", "Se74.Net.Test\Se74.Net.Test.csproj", "{DFE4D7BC-11D3-4275-B0EF-614DED674612}"
EndProject
Project("{FAE04EC0-301F-11D3-BF4B-00C04F79EFBC}") = "Se74.Net", "Se74.Net\Se74.Net.csproj", "{775A5C07-FFF0-49E2-984F-4B5E8F25C265}"
EndProject
Project("{FAE04EC0-301F-11D3-BF4B-00C04F79EFBC}") = "GlobalBlue.HomeWork", "GlobalBlue.HomeWork\GlobalBlue.HomeWork.csproj", "{5B66E73F-95DE-4012-86A1-D6EAC050AEA2}"
EndProject
Project("{2150E333-8FDC-42A3-9474-1A3956D46DE8}") = "SeleniumDrivers", "SeleniumDrivers", "{32AE0967-8383-4A69-AAFD-61B5B37AC063}"
	ProjectSection(SolutionItems) = preProject
		SeleniumDrivers\chromedriver.exe = SeleniumDrivers\chromedriver.exe
	EndProjectSection
EndProject
Global
	GlobalSection(SolutionConfigurationPlatforms) = preSolution
		Debug|Any CPU = Debug|Any CPU
		Release|Any CPU = Release|Any CPU
	EndGlobalSection
	GlobalSection(ProjectConfigurationPlatforms) = postSolution
		{DFE4D7BC-11D3-4275-B0EF-614DED674612}.Debug|Any CPU.ActiveCfg = Debug|Any CPU
		{DFE4D7BC-11D3-4275-B0EF-614DED674612}.Debug|Any CPU.Build.0 = Debug|Any CPU
		{DFE4D7BC-11D3-4275-B0EF-614DED674612}.Release|Any CPU.ActiveCfg = Release|Any CPU
		{DFE4D7BC-11D3-4275-B0EF-614DED674612}.Release|Any CPU.Build.0 = Release|Any CPU
		{775A5C07-FFF0-49E2-984F-4B5E8F25C265}.Debug|Any CPU.ActiveCfg = Debug|Any CPU
		{775A5C07-FFF0-49E2-984F-4B5E8F25C265}.Debug|Any CPU.Build.0 = Debug|Any CPU
		{775A5C07-FFF0-49E2-984F-4B5E8F25C265}.Release|Any CPU.ActiveCfg = Release|Any CPU
		{775A5C07-FFF0-49E2-984F-4B5E8F25C265}.Release|Any CPU.Build.0 = Release|Any CPU
		{5B66E73F-95DE-4012-86A1-D6EAC050AEA2}.Debug|Any CPU.ActiveCfg = Debug|Any CPU
		{5B66E73F-95DE-4012-86A1-D6EAC050AEA2}.Debug|Any CPU.Build.0 = Debug|Any CPU
		{5B66E73F-95DE-4012-86A1-D6EAC050AEA2}.Release|Any CPU.ActiveCfg = Release|Any CPU
		{5B66E73F-95DE-4012-86A1-D6EAC050AEA2}.Release|Any CPU.Build.0 = Release|Any CPU
	EndGlobalSection
	GlobalSection(SolutionProperties) = preSolution
		HideSolutionNode = FALSE
	EndGlobalSection
EndGlobal
